
Microsoft Visual Studio Solution File, Format Version 12.00
# Visual Studio Version 17
VisualStudioVersion = 17.7.34024.191
MinimumVisualStudioVersion = 10.0.40219.1
Project("{9A19103F-16F7-4668-BE54-9A1E7A4F7556}") = "VNCPhidgets21Explorer", "VNCPhidgets21Explorer.csproj", "{8A7FD07F-739B-4645-80F6-9A75ED3165D6}"
EndProject
Project("{9A19103F-16F7-4668-BE54-9A1E7A4F7556}") = "VNC.Core", "..\..\VNC\VNC.Core\VNC.Core.csproj", "{DEE7606C-0203-471F-BEA1-A49E35F40136}"
EndProject
Project("{FAE04EC0-301F-11D3-BF4B-00C04F79EFBC}") = "VNC.Phidget", "..\VNC.Phidget\VNC.Phidget.csproj", "{5E54B3D8-627A-4BCB-8958-F3A074FCF421}"
EndProject
Project("{FAE04EC0-301F-11D3-BF4B-00C04F79EFBC}") = "VNCPhidgets21Explorer.Core", "..\VNCPhidgets21Explorer.Core\VNCPhidgets21Explorer.Core.csproj", "{74AD31AE-1F5D-4DC4-BE36-0154066113C1}"
EndProject
Global
	GlobalSection(SolutionConfigurationPlatforms) = preSolution
		Debug|Any CPU = Debug|Any CPU
		Release|Any CPU = Release|Any CPU
	EndGlobalSection
	GlobalSection(ProjectConfigurationPlatforms) = postSolution
		{8A7FD07F-739B-4645-80F6-9A75ED3165D6}.Debug|Any CPU.ActiveCfg = Debug|Any CPU
		{8A7FD07F-739B-4645-80F6-9A75ED3165D6}.Debug|Any CPU.Build.0 = Debug|Any CPU
		{8A7FD07F-739B-4645-80F6-9A75ED3165D6}.Release|Any CPU.ActiveCfg = Release|Any CPU
		{8A7FD07F-739B-4645-80F6-9A75ED3165D6}.Release|Any CPU.Build.0 = Release|Any CPU
		{DEE7606C-0203-471F-BEA1-A49E35F40136}.Debug|Any CPU.ActiveCfg = Debug|Any CPU
		{DEE7606C-0203-471F-BEA1-A49E35F40136}.Debug|Any CPU.Build.0 = Debug|Any CPU
		{DEE7606C-0203-471F-BEA1-A49E35F40136}.Release|Any CPU.ActiveCfg = Release|Any CPU
		{DEE7606C-0203-471F-BEA1-A49E35F40136}.Release|Any CPU.Build.0 = Release|Any CPU
		{5E54B3D8-627A-4BCB-8958-F3A074FCF421}.Debug|Any CPU.ActiveCfg = Debug|Any CPU
		{5E54B3D8-627A-4BCB-8958-F3A074FCF421}.Debug|Any CPU.Build.0 = Debug|Any CPU
		{5E54B3D8-627A-4BCB-8958-F3A074FCF421}.Release|Any CPU.ActiveCfg = Release|Any CPU
		{5E54B3D8-627A-4BCB-8958-F3A074FCF421}.Release|Any CPU.Build.0 = Release|Any CPU
		{74AD31AE-1F5D-4DC4-BE36-0154066113C1}.Debug|Any CPU.ActiveCfg = Debug|Any CPU
		{74AD31AE-1F5D-4DC4-BE36-0154066113C1}.Debug|Any CPU.Build.0 = Debug|Any CPU
		{74AD31AE-1F5D-4DC4-BE36-0154066113C1}.Release|Any CPU.ActiveCfg = Release|Any CPU
		{74AD31AE-1F5D-4DC4-BE36-0154066113C1}.Release|Any CPU.Build.0 = Release|Any CPU
	EndGlobalSection
	GlobalSection(SolutionProperties) = preSolution
		HideSolutionNode = FALSE
	EndGlobalSection
	GlobalSection(ExtensibilityGlobals) = postSolution
		SolutionGuid = {F1097EDF-9CE8-4266-B589-F81624834E2B}
	EndGlobalSection
EndGlobal
